// !$*UTF8*$!
{
	archiveVersion = 1;
	classes = {
	};
	objectVersion = 50;
	objects = {

/* Begin PBXBuildFile section */
		10BD9139C99AAC201CF1FAD7 /* Pods_StatsSeeker.framework in Frameworks */ = {isa = PBXBuildFile; fileRef = B5032DB0D0E3563FC87C2807 /* Pods_StatsSeeker.framework */; };
		170587B720C681CB002D0C95 /* TotalStatController.swift in Sources */ = {isa = PBXBuildFile; fileRef = 170587B620C681CB002D0C95 /* TotalStatController.swift */; };
		170587BA20C68F92002D0C95 /* AsyncOperation.swift in Sources */ = {isa = PBXBuildFile; fileRef = 170587B920C68F92002D0C95 /* AsyncOperation.swift */; };
		170587BC20C68FD0002D0C95 /* GetServerDataOperation.swift in Sources */ = {isa = PBXBuildFile; fileRef = 170587BB20C68FD0002D0C95 /* GetServerDataOperation.swift */; };
		170587BF20C693E7002D0C95 /* Site.swift in Sources */ = {isa = PBXBuildFile; fileRef = 170587BE20C693E7002D0C95 /* Site.swift */; };
		170587C120C69471002D0C95 /* Word.swift in Sources */ = {isa = PBXBuildFile; fileRef = 170587C020C69471002D0C95 /* Word.swift */; };
		170587C320C69E91002D0C95 /* StatPresenterController.swift in Sources */ = {isa = PBXBuildFile; fileRef = 170587C220C69E91002D0C95 /* StatPresenterController.swift */; };
		170587C520C6A656002D0C95 /* Rank.swift in Sources */ = {isa = PBXBuildFile; fileRef = 170587C420C6A656002D0C95 /* Rank.swift */; };
		172971BB20C3E36E0020B5F9 /* AppDelegate.swift in Sources */ = {isa = PBXBuildFile; fileRef = 172971BA20C3E36E0020B5F9 /* AppDelegate.swift */; };
		172971BD20C3E36E0020B5F9 /* ViewController.swift in Sources */ = {isa = PBXBuildFile; fileRef = 172971BC20C3E36E0020B5F9 /* ViewController.swift */; };
		172971C020C3E36E0020B5F9 /* Main.storyboard in Resources */ = {isa = PBXBuildFile; fileRef = 172971BE20C3E36E0020B5F9 /* Main.storyboard */; };
		172971C220C3E36F0020B5F9 /* Assets.xcassets in Resources */ = {isa = PBXBuildFile; fileRef = 172971C120C3E36F0020B5F9 /* Assets.xcassets */; };
		172971C520C3E36F0020B5F9 /* LaunchScreen.storyboard in Resources */ = {isa = PBXBuildFile; fileRef = 172971C320C3E36F0020B5F9 /* LaunchScreen.storyboard */; };
		1778492020C53DF9006C0D6D /* LoginViewController.swift in Sources */ = {isa = PBXBuildFile; fileRef = 1778491F20C53DF9006C0D6D /* LoginViewController.swift */; };
		1778492220C55C7F006C0D6D /* Configuration.swift in Sources */ = {isa = PBXBuildFile; fileRef = 1778492120C55C7F006C0D6D /* Configuration.swift */; };
		1778492620C56E36006C0D6D /* Auth.swift in Sources */ = {isa = PBXBuildFile; fileRef = 1778492520C56E36006C0D6D /* Auth.swift */; };
		1778492A20C570BF006C0D6D /* ViewControllerProtocol.swift in Sources */ = {isa = PBXBuildFile; fileRef = 1778492920C570BF006C0D6D /* ViewControllerProtocol.swift */; };
		1778492C20C5789D006C0D6D /* TabBarController.swift in Sources */ = {isa = PBXBuildFile; fileRef = 1778492B20C5789D006C0D6D /* TabBarController.swift */; };
		1778492E20C58757006C0D6D /* ViewControllerUtils.swift in Sources */ = {isa = PBXBuildFile; fileRef = 1778492D20C58757006C0D6D /* ViewControllerUtils.swift */; };
/* End PBXBuildFile section */

/* Begin PBXFileReference section */
		170587B620C681CB002D0C95 /* TotalStatController.swift */ = {isa = PBXFileReference; lastKnownFileType = sourcecode.swift; path = TotalStatController.swift; sourceTree = "<group>"; };
		170587B920C68F92002D0C95 /* AsyncOperation.swift */ = {isa = PBXFileReference; lastKnownFileType = sourcecode.swift; path = AsyncOperation.swift; sourceTree = "<group>"; };
		170587BB20C68FD0002D0C95 /* GetServerDataOperation.swift */ = {isa = PBXFileReference; lastKnownFileType = sourcecode.swift; path = GetServerDataOperation.swift; sourceTree = "<group>"; };
		170587BE20C693E7002D0C95 /* Site.swift */ = {isa = PBXFileReference; lastKnownFileType = sourcecode.swift; path = Site.swift; sourceTree = "<group>"; };
		170587C020C69471002D0C95 /* Word.swift */ = {isa = PBXFileReference; lastKnownFileType = sourcecode.swift; path = Word.swift; sourceTree = "<group>"; };
		170587C220C69E91002D0C95 /* StatPresenterController.swift */ = {isa = PBXFileReference; lastKnownFileType = sourcecode.swift; path = StatPresenterController.swift; sourceTree = "<group>"; };
		170587C420C6A656002D0C95 /* Rank.swift */ = {isa = PBXFileReference; lastKnownFileType = sourcecode.swift; path = Rank.swift; sourceTree = "<group>"; };
		172971B720C3E36E0020B5F9 /* StatsSeeker.app */ = {isa = PBXFileReference; explicitFileType = wrapper.application; includeInIndex = 0; path = StatsSeeker.app; sourceTree = BUILT_PRODUCTS_DIR; };
		172971BA20C3E36E0020B5F9 /* AppDelegate.swift */ = {isa = PBXFileReference; lastKnownFileType = sourcecode.swift; path = AppDelegate.swift; sourceTree = "<group>"; };
		172971BC20C3E36E0020B5F9 /* ViewController.swift */ = {isa = PBXFileReference; lastKnownFileType = sourcecode.swift; path = ViewController.swift; sourceTree = "<group>"; };
		172971BF20C3E36E0020B5F9 /* Base */ = {isa = PBXFileReference; lastKnownFileType = file.storyboard; name = Base; path = Base.lproj/Main.storyboard; sourceTree = "<group>"; };
		172971C120C3E36F0020B5F9 /* Assets.xcassets */ = {isa = PBXFileReference; lastKnownFileType = folder.assetcatalog; path = Assets.xcassets; sourceTree = "<group>"; };
		172971C420C3E36F0020B5F9 /* Base */ = {isa = PBXFileReference; lastKnownFileType = file.storyboard; name = Base; path = Base.lproj/LaunchScreen.storyboard; sourceTree = "<group>"; };
		172971C620C3E36F0020B5F9 /* Info.plist */ = {isa = PBXFileReference; lastKnownFileType = text.plist.xml; path = Info.plist; sourceTree = "<group>"; };
		1778491F20C53DF9006C0D6D /* LoginViewController.swift */ = {isa = PBXFileReference; lastKnownFileType = sourcecode.swift; path = LoginViewController.swift; sourceTree = "<group>"; };
		1778492120C55C7F006C0D6D /* Configuration.swift */ = {isa = PBXFileReference; lastKnownFileType = sourcecode.swift; path = Configuration.swift; sourceTree = "<group>"; };
		1778492520C56E36006C0D6D /* Auth.swift */ = {isa = PBXFileReference; lastKnownFileType = sourcecode.swift; path = Auth.swift; sourceTree = "<group>"; };
		1778492920C570BF006C0D6D /* ViewControllerProtocol.swift */ = {isa = PBXFileReference; lastKnownFileType = sourcecode.swift; path = ViewControllerProtocol.swift; sourceTree = "<group>"; };
		1778492B20C5789D006C0D6D /* TabBarController.swift */ = {isa = PBXFileReference; lastKnownFileType = sourcecode.swift; path = TabBarController.swift; sourceTree = "<group>"; };
		1778492D20C58757006C0D6D /* ViewControllerUtils.swift */ = {isa = PBXFileReference; lastKnownFileType = sourcecode.swift; path = ViewControllerUtils.swift; sourceTree = "<group>"; };
		9109F5FE69C8F060243D9258 /* Pods-StatsSeeker.release.xcconfig */ = {isa = PBXFileReference; includeInIndex = 1; lastKnownFileType = text.xcconfig; name = "Pods-StatsSeeker.release.xcconfig"; path = "Pods/Target Support Files/Pods-StatsSeeker/Pods-StatsSeeker.release.xcconfig"; sourceTree = "<group>"; };
		B5032DB0D0E3563FC87C2807 /* Pods_StatsSeeker.framework */ = {isa = PBXFileReference; explicitFileType = wrapper.framework; includeInIndex = 0; path = Pods_StatsSeeker.framework; sourceTree = BUILT_PRODUCTS_DIR; };
		D9767BA8EF8F82CCA27B6199 /* Pods-StatsSeeker.debug.xcconfig */ = {isa = PBXFileReference; includeInIndex = 1; lastKnownFileType = text.xcconfig; name = "Pods-StatsSeeker.debug.xcconfig"; path = "Pods/Target Support Files/Pods-StatsSeeker/Pods-StatsSeeker.debug.xcconfig"; sourceTree = "<group>"; };
/* End PBXFileReference section */

/* Begin PBXFrameworksBuildPhase section */
		172971B420C3E36E0020B5F9 /* Frameworks */ = {
			isa = PBXFrameworksBuildPhase;
			buildActionMask = 2147483647;
			files = (
				10BD9139C99AAC201CF1FAD7 /* Pods_StatsSeeker.framework in Frameworks */,
			);
			runOnlyForDeploymentPostprocessing = 0;
		};
/* End PBXFrameworksBuildPhase section */

/* Begin PBXGroup section */
		170587B820C68F56002D0C95 /* WebService */ = {
			isa = PBXGroup;
			children = (
				170587B920C68F92002D0C95 /* AsyncOperation.swift */,
				170587BB20C68FD0002D0C95 /* GetServerDataOperation.swift */,
			);
			path = WebService;
			sourceTree = "<group>";
		};
		170587BD20C693D1002D0C95 /* Objects */ = {
			isa = PBXGroup;
			children = (
				170587BE20C693E7002D0C95 /* Site.swift */,
				170587C020C69471002D0C95 /* Word.swift */,
				170587C420C6A656002D0C95 /* Rank.swift */,
			);
			path = Objects;
			sourceTree = "<group>";
		};
		172971AE20C3E36E0020B5F9 = {
			isa = PBXGroup;
			children = (
				172971B920C3E36E0020B5F9 /* StatsSeeker */,
				172971B820C3E36E0020B5F9 /* Products */,
				BF1B0393AB585746FAEF293B /* Pods */,
				4279BF66AA45CC2FFA76BF63 /* Frameworks */,
			);
			sourceTree = "<group>";
		};
		172971B820C3E36E0020B5F9 /* Products */ = {
			isa = PBXGroup;
			children = (
				172971B720C3E36E0020B5F9 /* StatsSeeker.app */,
			);
			name = Products;
			sourceTree = "<group>";
		};
		172971B920C3E36E0020B5F9 /* StatsSeeker */ = {
			isa = PBXGroup;
			children = (
				170587BD20C693D1002D0C95 /* Objects */,
				170587B820C68F56002D0C95 /* WebService */,
				1778493120C58A0B006C0D6D /* TotalStats */,
				1778493220C58A15006C0D6D /* DailyStats */,
				1778493020C589FB006C0D6D /* Options */,
				1778492820C57098006C0D6D /* Protocols */,
				1778492420C568D2006C0D6D /* Authorization */,
				1778492320C568B2006C0D6D /* Configuration */,
				172971BA20C3E36E0020B5F9 /* AppDelegate.swift */,
				172971BC20C3E36E0020B5F9 /* ViewController.swift */,
				1778491F20C53DF9006C0D6D /* LoginViewController.swift */,
				1778492B20C5789D006C0D6D /* TabBarController.swift */,
				172971BE20C3E36E0020B5F9 /* Main.storyboard */,
				172971C320C3E36F0020B5F9 /* LaunchScreen.storyboard */,
				172971C620C3E36F0020B5F9 /* Info.plist */,
				172971C120C3E36F0020B5F9 /* Assets.xcassets */,
			);
			path = StatsSeeker;
			sourceTree = "<group>";
		};
		1778492320C568B2006C0D6D /* Configuration */ = {
			isa = PBXGroup;
			children = (
				1778492120C55C7F006C0D6D /* Configuration.swift */,
			);
			path = Configuration;
			sourceTree = "<group>";
		};
		1778492420C568D2006C0D6D /* Authorization */ = {
			isa = PBXGroup;
			children = (
				1778492520C56E36006C0D6D /* Auth.swift */,
			);
			path = Authorization;
			sourceTree = "<group>";
		};
		1778492820C57098006C0D6D /* Protocols */ = {
			isa = PBXGroup;
			children = (
				1778492920C570BF006C0D6D /* ViewControllerProtocol.swift */,
				1778492D20C58757006C0D6D /* ViewControllerUtils.swift */,
			);
			path = Protocols;
			sourceTree = "<group>";
		};
		1778493020C589FB006C0D6D /* Options */ = {
			isa = PBXGroup;
			children = (
			);
			path = Options;
			sourceTree = "<group>";
		};
		1778493120C58A0B006C0D6D /* TotalStats */ = {
			isa = PBXGroup;
			children = (
				170587B620C681CB002D0C95 /* TotalStatController.swift */,
				170587C220C69E91002D0C95 /* StatPresenterController.swift */,
			);
			path = TotalStats;
			sourceTree = "<group>";
		};
		1778493220C58A15006C0D6D /* DailyStats */ = {
			isa = PBXGroup;
			children = (
			);
			path = DailyStats;
			sourceTree = "<group>";
		};
		4279BF66AA45CC2FFA76BF63 /* Frameworks */ = {
			isa = PBXGroup;
			children = (
				B5032DB0D0E3563FC87C2807 /* Pods_StatsSeeker.framework */,
			);
			name = Frameworks;
			sourceTree = "<group>";
		};
		BF1B0393AB585746FAEF293B /* Pods */ = {
			isa = PBXGroup;
			children = (
				D9767BA8EF8F82CCA27B6199 /* Pods-StatsSeeker.debug.xcconfig */,
				9109F5FE69C8F060243D9258 /* Pods-StatsSeeker.release.xcconfig */,
			);
			name = Pods;
			sourceTree = "<group>";
		};
/* End PBXGroup section */

/* Begin PBXNativeTarget section */
		172971B620C3E36E0020B5F9 /* StatsSeeker */ = {
			isa = PBXNativeTarget;
			buildConfigurationList = 172971C920C3E3700020B5F9 /* Build configuration list for PBXNativeTarget "StatsSeeker" */;
			buildPhases = (
				868BF2A16612AB7A3D3A6E16 /* [CP] Check Pods Manifest.lock */,
				172971B320C3E36E0020B5F9 /* Sources */,
				172971B420C3E36E0020B5F9 /* Frameworks */,
				172971B520C3E36E0020B5F9 /* Resources */,
				612A7F6E80FCA5D02D81CEBE /* [CP] Embed Pods Frameworks */,
			);
			buildRules = (
			);
			dependencies = (
			);
			name = StatsSeeker;
			productName = StatsSeeker;
			productReference = 172971B720C3E36E0020B5F9 /* StatsSeeker.app */;
			productType = "com.apple.product-type.application";
		};
/* End PBXNativeTarget section */

/* Begin PBXProject section */
		172971AF20C3E36E0020B5F9 /* Project object */ = {
			isa = PBXProject;
			attributes = {
				LastSwiftUpdateCheck = 0930;
				LastUpgradeCheck = 0930;
				ORGANIZATIONNAME = "Sergey Nikitin";
				TargetAttributes = {
					172971B620C3E36E0020B5F9 = {
						CreatedOnToolsVersion = 9.3;
					};
				};
			};
			buildConfigurationList = 172971B220C3E36E0020B5F9 /* Build configuration list for PBXProject "StatsSeeker" */;
			compatibilityVersion = "Xcode 9.3";
			developmentRegion = en;
			hasScannedForEncodings = 0;
			knownRegions = (
				en,
				Base,
			);
			mainGroup = 172971AE20C3E36E0020B5F9;
			productRefGroup = 172971B820C3E36E0020B5F9 /* Products */;
			projectDirPath = "";
			projectRoot = "";
			targets = (
				172971B620C3E36E0020B5F9 /* StatsSeeker */,
			);
		};
/* End PBXProject section */

/* Begin PBXResourcesBuildPhase section */
		172971B520C3E36E0020B5F9 /* Resources */ = {
			isa = PBXResourcesBuildPhase;
			buildActionMask = 2147483647;
			files = (
				172971C520C3E36F0020B5F9 /* LaunchScreen.storyboard in Resources */,
				172971C220C3E36F0020B5F9 /* Assets.xcassets in Resources */,
				172971C020C3E36E0020B5F9 /* Main.storyboard in Resources */,
			);
			runOnlyForDeploymentPostprocessing = 0;
		};
/* End PBXResourcesBuildPhase section */

/* Begin PBXShellScriptBuildPhase section */
		612A7F6E80FCA5D02D81CEBE /* [CP] Embed Pods Frameworks */ = {
			isa = PBXShellScriptBuildPhase;
			buildActionMask = 2147483647;
			files = (
			);
			inputPaths = (
				"${SRCROOT}/Pods/Target Support Files/Pods-StatsSeeker/Pods-StatsSeeker-frameworks.sh",
				"${BUILT_PRODUCTS_DIR}/Alamofire/Alamofire.framework",
				"${BUILT_PRODUCTS_DIR}/BEMCheckBox/BEMCheckBox.framework",
				"${BUILT_PRODUCTS_DIR}/BTNavigationDropdownMenu/BTNavigationDropdownMenu.framework",
				"${BUILT_PRODUCTS_DIR}/DropDown/DropDown.framework",
				"${BUILT_PRODUCTS_DIR}/Popover/Popover.framework",
				"${BUILT_PRODUCTS_DIR}/Realm/Realm.framework",
				"${BUILT_PRODUCTS_DIR}/RealmSwift/RealmSwift.framework",
				"${BUILT_PRODUCTS_DIR}/SCLAlertView/SCLAlertView.framework",
				"${BUILT_PRODUCTS_DIR}/SwiftMessages/SwiftMessages.framework",
				"${BUILT_PRODUCTS_DIR}/SwiftyJSON/SwiftyJSON.framework",
			);
			name = "[CP] Embed Pods Frameworks";
			outputPaths = (
				"${TARGET_BUILD_DIR}/${FRAMEWORKS_FOLDER_PATH}/Alamofire.framework",
				"${TARGET_BUILD_DIR}/${FRAMEWORKS_FOLDER_PATH}/BEMCheckBox.framework",
				"${TARGET_BUILD_DIR}/${FRAMEWORKS_FOLDER_PATH}/BTNavigationDropdownMenu.framework",
				"${TARGET_BUILD_DIR}/${FRAMEWORKS_FOLDER_PATH}/DropDown.framework",
				"${TARGET_BUILD_DIR}/${FRAMEWORKS_FOLDER_PATH}/Popover.framework",
				"${TARGET_BUILD_DIR}/${FRAMEWORKS_FOLDER_PATH}/Realm.framework",
				"${TARGET_BUILD_DIR}/${FRAMEWORKS_FOLDER_PATH}/RealmSwift.framework",
				"${TARGET_BUILD_DIR}/${FRAMEWORKS_FOLDER_PATH}/SCLAlertView.framework",
				"${TARGET_BUILD_DIR}/${FRAMEWORKS_FOLDER_PATH}/SwiftMessages.framework",
				"${TARGET_BUILD_DIR}/${FRAMEWORKS_FOLDER_PATH}/SwiftyJSON.framework",
			);
			runOnlyForDeploymentPostprocessing = 0;
			shellPath = /bin/sh;
			shellScript = "\"${SRCROOT}/Pods/Target Support Files/Pods-StatsSeeker/Pods-StatsSeeker-frameworks.sh\"\n";
			showEnvVarsInLog = 0;
		};
		868BF2A16612AB7A3D3A6E16 /* [CP] Check Pods Manifest.lock */ = {
			isa = PBXShellScriptBuildPhase;
			buildActionMask = 2147483647;
			files = (
			);
			inputPaths = (
				"${PODS_PODFILE_DIR_PATH}/Podfile.lock",
				"${PODS_ROOT}/Manifest.lock",
			);
			name = "[CP] Check Pods Manifest.lock";
			outputPaths = (
				"$(DERIVED_FILE_DIR)/Pods-StatsSeeker-checkManifestLockResult.txt",
			);
			runOnlyForDeploymentPostprocessing = 0;
			shellPath = /bin/sh;
			shellScript = "diff \"${PODS_PODFILE_DIR_PATH}/Podfile.lock\" \"${PODS_ROOT}/Manifest.lock\" > /dev/null\nif [ $? != 0 ] ; then\n    # print error to STDERR\n    echo \"error: The sandbox is not in sync with the Podfile.lock. Run 'pod install' or update your CocoaPods installation.\" >&2\n    exit 1\nfi\n# This output is used by Xcode 'outputs' to avoid re-running this script phase.\necho \"SUCCESS\" > \"${SCRIPT_OUTPUT_FILE_0}\"\n";
			showEnvVarsInLog = 0;
		};
/* End PBXShellScriptBuildPhase section */

/* Begin PBXSourcesBuildPhase section */
		172971B320C3E36E0020B5F9 /* Sources */ = {
			isa = PBXSourcesBuildPhase;
			buildActionMask = 2147483647;
			files = (
				1778492A20C570BF006C0D6D /* ViewControllerProtocol.swift in Sources */,
				1778492620C56E36006C0D6D /* Auth.swift in Sources */,
				170587B720C681CB002D0C95 /* TotalStatController.swift in Sources */,
				170587C520C6A656002D0C95 /* Rank.swift in Sources */,
				1778492020C53DF9006C0D6D /* LoginViewController.swift in Sources */,
				170587C320C69E91002D0C95 /* StatPresenterController.swift in Sources */,
				172971BD20C3E36E0020B5F9 /* ViewController.swift in Sources */,
				1778492E20C58757006C0D6D /* ViewControllerUtils.swift in Sources */,
				170587BC20C68FD0002D0C95 /* GetServerDataOperation.swift in Sources */,
				1778492C20C5789D006C0D6D /* TabBarController.swift in Sources */,
				1778492220C55C7F006C0D6D /* Configuration.swift in Sources */,
				170587BA20C68F92002D0C95 /* AsyncOperation.swift in Sources */,
				170587C120C69471002D0C95 /* Word.swift in Sources */,
				170587BF20C693E7002D0C95 /* Site.swift in Sources */,
				172971BB20C3E36E0020B5F9 /* AppDelegate.swift in Sources */,
			);
			runOnlyForDeploymentPostprocessing = 0;
		};
/* End PBXSourcesBuildPhase section */

/* Begin PBXVariantGroup section */
		172971BE20C3E36E0020B5F9 /* Main.storyboard */ = {
			isa = PBXVariantGroup;
			children = (
				172971BF20C3E36E0020B5F9 /* Base */,
			);
			name = Main.storyboard;
			sourceTree = "<group>";
		};
		172971C320C3E36F0020B5F9 /* LaunchScreen.storyboard */ = {
			isa = PBXVariantGroup;
			children = (
				172971C420C3E36F0020B5F9 /* Base */,
			);
			name = LaunchScreen.storyboard;
			sourceTree = "<group>";
		};
/* End PBXVariantGroup section */

/* Begin XCBuildConfiguration section */
		172971C720C3E36F0020B5F9 /* Debug */ = {
			isa = XCBuildConfiguration;
			buildSettings = {
				ALWAYS_SEARCH_USER_PATHS = NO;
				CLANG_ANALYZER_NONNULL = YES;
				CLANG_ANALYZER_NUMBER_OBJECT_CONVERSION = YES_AGGRESSIVE;
				CLANG_CXX_LANGUAGE_STANDARD = "gnu++14";
				CLANG_CXX_LIBRARY = "libc++";
				CLANG_ENABLE_MODULES = YES;
				CLANG_ENABLE_OBJC_ARC = YES;
				CLANG_ENABLE_OBJC_WEAK = YES;
				CLANG_WARN_BLOCK_CAPTURE_AUTORELEASING = YES;
				CLANG_WARN_BOOL_CONVERSION = YES;
				CLANG_WARN_COMMA = YES;
				CLANG_WARN_CONSTANT_CONVERSION = YES;
				CLANG_WARN_DEPRECATED_OBJC_IMPLEMENTATIONS = YES;
				CLANG_WARN_DIRECT_OBJC_ISA_USAGE = YES_ERROR;
				CLANG_WARN_DOCUMENTATION_COMMENTS = YES;
				CLANG_WARN_EMPTY_BODY = YES;
				CLANG_WARN_ENUM_CONVERSION = YES;
				CLANG_WARN_INFINITE_RECURSION = YES;
				CLANG_WARN_INT_CONVERSION = YES;
				CLANG_WARN_NON_LITERAL_NULL_CONVERSION = YES;
				CLANG_WARN_OBJC_IMPLICIT_RETAIN_SELF = YES;
				CLANG_WARN_OBJC_LITERAL_CONVERSION = YES;
				CLANG_WARN_OBJC_ROOT_CLASS = YES_ERROR;
				CLANG_WARN_RANGE_LOOP_ANALYSIS = YES;
				CLANG_WARN_STRICT_PROTOTYPES = YES;
				CLANG_WARN_SUSPICIOUS_MOVE = YES;
				CLANG_WARN_UNGUARDED_AVAILABILITY = YES_AGGRESSIVE;
				CLANG_WARN_UNREACHABLE_CODE = YES;
				CLANG_WARN__DUPLICATE_METHOD_MATCH = YES;
				CODE_SIGN_IDENTITY = "iPhone Developer";
				COPY_PHASE_STRIP = NO;
				DEBUG_INFORMATION_FORMAT = dwarf;
				ENABLE_STRICT_OBJC_MSGSEND = YES;
				ENABLE_TESTABILITY = YES;
				GCC_C_LANGUAGE_STANDARD = gnu11;
				GCC_DYNAMIC_NO_PIC = NO;
				GCC_NO_COMMON_BLOCKS = YES;
				GCC_OPTIMIZATION_LEVEL = 0;
				GCC_PREPROCESSOR_DEFINITIONS = (
					"DEBUG=1",
					"$(inherited)",
				);
				GCC_WARN_64_TO_32_BIT_CONVERSION = YES;
				GCC_WARN_ABOUT_RETURN_TYPE = YES_ERROR;
				GCC_WARN_UNDECLARED_SELECTOR = YES;
				GCC_WARN_UNINITIALIZED_AUTOS = YES_AGGRESSIVE;
				GCC_WARN_UNUSED_FUNCTION = YES;
				GCC_WARN_UNUSED_VARIABLE = YES;
				IPHONEOS_DEPLOYMENT_TARGET = 10.0;
				MTL_ENABLE_DEBUG_INFO = YES;
				ONLY_ACTIVE_ARCH = YES;
				SDKROOT = iphoneos;
				SWIFT_ACTIVE_COMPILATION_CONDITIONS = DEBUG;
				SWIFT_OPTIMIZATION_LEVEL = "-Onone";
			};
			name = Debug;
		};
		172971C820C3E36F0020B5F9 /* Release */ = {
			isa = XCBuildConfiguration;
			buildSettings = {
				ALWAYS_SEARCH_USER_PATHS = NO;
				CLANG_ANALYZER_NONNULL = YES;
				CLANG_ANALYZER_NUMBER_OBJECT_CONVERSION = YES_AGGRESSIVE;
				CLANG_CXX_LANGUAGE_STANDARD = "gnu++14";
				CLANG_CXX_LIBRARY = "libc++";
				CLANG_ENABLE_MODULES = YES;
				CLANG_ENABLE_OBJC_ARC = YES;
				CLANG_ENABLE_OBJC_WEAK = YES;
				CLANG_WARN_BLOCK_CAPTURE_AUTORELEASING = YES;
				CLANG_WARN_BOOL_CONVERSION = YES;
				CLANG_WARN_COMMA = YES;
				CLANG_WARN_CONSTANT_CONVERSION = YES;
				CLANG_WARN_DEPRECATED_OBJC_IMPLEMENTATIONS = YES;
				CLANG_WARN_DIRECT_OBJC_ISA_USAGE = YES_ERROR;
				CLANG_WARN_DOCUMENTATION_COMMENTS = YES;
				CLANG_WARN_EMPTY_BODY = YES;
				CLANG_WARN_ENUM_CONVERSION = YES;
				CLANG_WARN_INFINITE_RECURSION = YES;
				CLANG_WARN_INT_CONVERSION = YES;
				CLANG_WARN_NON_LITERAL_NULL_CONVERSION = YES;
				CLANG_WARN_OBJC_IMPLICIT_RETAIN_SELF = YES;
				CLANG_WARN_OBJC_LITERAL_CONVERSION = YES;
				CLANG_WARN_OBJC_ROOT_CLASS = YES_ERROR;
				CLANG_WARN_RANGE_LOOP_ANALYSIS = YES;
				CLANG_WARN_STRICT_PROTOTYPES = YES;
				CLANG_WARN_SUSPICIOUS_MOVE = YES;
				CLANG_WARN_UNGUARDED_AVAILABILITY = YES_AGGRESSIVE;
				CLANG_WARN_UNREACHABLE_CODE = YES;
				CLANG_WARN__DUPLICATE_METHOD_MATCH = YES;
				CODE_SIGN_IDENTITY = "iPhone Developer";
				COPY_PHASE_STRIP = NO;
				DEBUG_INFORMATION_FORMAT = "dwarf-with-dsym";
				ENABLE_NS_ASSERTIONS = NO;
				ENABLE_STRICT_OBJC_MSGSEND = YES;
				GCC_C_LANGUAGE_STANDARD = gnu11;
				GCC_NO_COMMON_BLOCKS = YES;
				GCC_WARN_64_TO_32_BIT_CONVERSION = YES;
				GCC_WARN_ABOUT_RETURN_TYPE = YES_ERROR;
				GCC_WARN_UNDECLARED_SELECTOR = YES;
				GCC_WARN_UNINITIALIZED_AUTOS = YES_AGGRESSIVE;
				GCC_WARN_UNUSED_FUNCTION = YES;
				GCC_WARN_UNUSED_VARIABLE = YES;
				IPHONEOS_DEPLOYMENT_TARGET = 10.0;
				MTL_ENABLE_DEBUG_INFO = NO;
				SDKROOT = iphoneos;
				SWIFT_COMPILATION_MODE = wholemodule;
				SWIFT_OPTIMIZATION_LEVEL = "-O";
				VALIDATE_PRODUCT = YES;
			};
			name = Release;
		};
		172971CA20C3E3700020B5F9 /* Debug */ = {
			isa = XCBuildConfiguration;
			baseConfigurationReference = D9767BA8EF8F82CCA27B6199 /* Pods-StatsSeeker.debug.xcconfig */;
			buildSettings = {
				ASSETCATALOG_COMPILER_APPICON_NAME = AppIcon;
				CODE_SIGN_STYLE = Automatic;
				DEVELOPMENT_TEAM = WML363H532;
				INFOPLIST_FILE = StatsSeeker/Info.plist;
				IPHONEOS_DEPLOYMENT_TARGET = 10.0;
				LD_RUNPATH_SEARCH_PATHS = (
					"$(inherited)",
					"@executable_path/Frameworks",
				);
				PRODUCT_BUNDLE_IDENTIFIER = Snik2003.StatsSeeker;
				PRODUCT_NAME = "$(TARGET_NAME)";
				SWIFT_VERSION = 4.0;
				TARGETED_DEVICE_FAMILY = 1;
			};
			name = Debug;
		};
		172971CB20C3E3700020B5F9 /* Release */ = {
			isa = XCBuildConfiguration;
			baseConfigurationReference = 9109F5FE69C8F060243D9258 /* Pods-StatsSeeker.release.xcconfig */;
			buildSettings = {
				ASSETCATALOG_COMPILER_APPICON_NAME = AppIcon;
				CODE_SIGN_STYLE = Automatic;
				DEVELOPMENT_TEAM = WML363H532;
				INFOPLIST_FILE = StatsSeeker/Info.plist;
				IPHONEOS_DEPLOYMENT_TARGET = 10.0;
				LD_RUNPATH_SEARCH_PATHS = (
					"$(inherited)",
					"@executable_path/Frameworks",
				);
				PRODUCT_BUNDLE_IDENTIFIER = Snik2003.StatsSeeker;
				PRODUCT_NAME = "$(TARGET_NAME)";
				SWIFT_VERSION = 4.0;
				TARGETED_DEVICE_FAMILY = 1;
			};
			name = Release;
		};
/* End XCBuildConfiguration section */

/* Begin XCConfigurationList section */
		172971B220C3E36E0020B5F9 /* Build configuration list for PBXProject "StatsSeeker" */ = {
			isa = XCConfigurationList;
			buildConfigurations = (
				172971C720C3E36F0020B5F9 /* Debug */,
				172971C820C3E36F0020B5F9 /* Release */,
			);
			defaultConfigurationIsVisible = 0;
			defaultConfigurationName = Release;
		};
		172971C920C3E3700020B5F9 /* Build configuration list for PBXNativeTarget "StatsSeeker" */ = {
			isa = XCConfigurationList;
			buildConfigurations = (
				172971CA20C3E3700020B5F9 /* Debug */,
				172971CB20C3E3700020B5F9 /* Release */,
			);
			defaultConfigurationIsVisible = 0;
			defaultConfigurationName = Release;
		};
/* End XCConfigurationList section */
	};
	rootObject = 172971AF20C3E36E0020B5F9 /* Project object */;
}
